
Microsoft Visual Studio Solution File, Format Version 12.00
# Visual Studio Version 16
VisualStudioVersion = 16.0.30320.27
MinimumVisualStudioVersion = 10.0.40219.1
Project("{FAE04EC0-301F-11D3-BF4B-00C04F79EFBC}") = "Demo", "Demo\Demo.csproj", "{F608B226-F7C6-423D-AE08-7ED84E8E7C46}"
EndProject
Project("{FAE04EC0-301F-11D3-BF4B-00C04F79EFBC}") = "ExpressSettings", "..\ExpressSettings\ExpressSettings.csproj", "{2CE84964-1543-40DC-97B8-34AD1BA67BBB}"
EndProject
Project("{FAE04EC0-301F-11D3-BF4B-00C04F79EFBC}") = "ExpressSettingsCore", "..\ExpressSettingsCore\ExpressSettingsCore.csproj", "{D206A310-002E-4C47-A0D1-575FE6A16304}"
EndProject
Global
	GlobalSection(SolutionConfigurationPlatforms) = preSolution
		Debug|Any CPU = Debug|Any CPU
		Release|Any CPU = Release|Any CPU
	EndGlobalSection
	GlobalSection(ProjectConfigurationPlatforms) = postSolution
		{F608B226-F7C6-423D-AE08-7ED84E8E7C46}.Debug|Any CPU.ActiveCfg = Debug|Any CPU
		{F608B226-F7C6-423D-AE08-7ED84E8E7C46}.Debug|Any CPU.Build.0 = Debug|Any CPU
		{F608B226-F7C6-423D-AE08-7ED84E8E7C46}.Release|Any CPU.ActiveCfg = Release|Any CPU
		{F608B226-F7C6-423D-AE08-7ED84E8E7C46}.Release|Any CPU.Build.0 = Release|Any CPU
		{2CE84964-1543-40DC-97B8-34AD1BA67BBB}.Debug|Any CPU.ActiveCfg = Debug|Any CPU
		{2CE84964-1543-40DC-97B8-34AD1BA67BBB}.Debug|Any CPU.Build.0 = Debug|Any CPU
		{2CE84964-1543-40DC-97B8-34AD1BA67BBB}.Release|Any CPU.ActiveCfg = Release|Any CPU
		{2CE84964-1543-40DC-97B8-34AD1BA67BBB}.Release|Any CPU.Build.0 = Release|Any CPU
		{D206A310-002E-4C47-A0D1-575FE6A16304}.Debug|Any CPU.ActiveCfg = Debug|Any CPU
		{D206A310-002E-4C47-A0D1-575FE6A16304}.Debug|Any CPU.Build.0 = Debug|Any CPU
		{D206A310-002E-4C47-A0D1-575FE6A16304}.Release|Any CPU.ActiveCfg = Release|Any CPU
		{D206A310-002E-4C47-A0D1-575FE6A16304}.Release|Any CPU.Build.0 = Release|Any CPU
	EndGlobalSection
	GlobalSection(SolutionProperties) = preSolution
		HideSolutionNode = FALSE
	EndGlobalSection
	GlobalSection(ExtensibilityGlobals) = postSolution
		SolutionGuid = {FC9375E5-8F2E-4B45-9F9C-F387CA3E1542}
	EndGlobalSection
EndGlobal
